
Microsoft Visual Studio Solution File, Format Version 12.00
# Visual Studio Version 16
VisualStudioVersion = 16.0.29123.89
MinimumVisualStudioVersion = 10.0.40219.1
Project("{FAE04EC0-301F-11D3-BF4B-00C04F79EFBC}") = "Hellang.MessageBus.Tests", "test\Hellang.MessageBus.Tests\Hellang.MessageBus.Tests.csproj", "{15D1B8CE-EEB2-432C-8ACB-466D8B577C13}"
EndProject
Project("{FAE04EC0-301F-11D3-BF4B-00C04F79EFBC}") = "Hellang.MessageBus", "src\Hellang.MessageBus\Hellang.MessageBus.csproj", "{2FACF2C6-C84C-472F-8B1D-F9FB37E23CFA}"
EndProject
Global
	GlobalSection(SolutionConfigurationPlatforms) = preSolution
		Debug|Any CPU = Debug|Any CPU
		Debug|ARM = Debug|ARM
		Debug|x64 = Debug|x64
		Debug|x86 = Debug|x86
		Release|Any CPU = Release|Any CPU
		Release|ARM = Release|ARM
		Release|x64 = Release|x64
		Release|x86 = Release|x86
	EndGlobalSection
	GlobalSection(ProjectConfigurationPlatforms) = postSolution
		{15D1B8CE-EEB2-432C-8ACB-466D8B577C13}.Debug|Any CPU.ActiveCfg = Debug|Any CPU
		{15D1B8CE-EEB2-432C-8ACB-466D8B577C13}.Debug|Any CPU.Build.0 = Debug|Any CPU
		{15D1B8CE-EEB2-432C-8ACB-466D8B577C13}.Debug|ARM.ActiveCfg = Debug|Any CPU
		{15D1B8CE-EEB2-432C-8ACB-466D8B577C13}.Debug|x64.ActiveCfg = Debug|Any CPU
		{15D1B8CE-EEB2-432C-8ACB-466D8B577C13}.Debug|x86.ActiveCfg = Debug|Any CPU
		{15D1B8CE-EEB2-432C-8ACB-466D8B577C13}.Release|Any CPU.ActiveCfg = Release|Any CPU
		{15D1B8CE-EEB2-432C-8ACB-466D8B577C13}.Release|Any CPU.Build.0 = Release|Any CPU
		{15D1B8CE-EEB2-432C-8ACB-466D8B577C13}.Release|ARM.ActiveCfg = Release|Any CPU
		{15D1B8CE-EEB2-432C-8ACB-466D8B577C13}.Release|x64.ActiveCfg = Release|Any CPU
		{15D1B8CE-EEB2-432C-8ACB-466D8B577C13}.Release|x86.ActiveCfg = Release|Any CPU
		{2FACF2C6-C84C-472F-8B1D-F9FB37E23CFA}.Debug|Any CPU.ActiveCfg = Debug|Any CPU
		{2FACF2C6-C84C-472F-8B1D-F9FB37E23CFA}.Debug|Any CPU.Build.0 = Debug|Any CPU
		{2FACF2C6-C84C-472F-8B1D-F9FB37E23CFA}.Debug|ARM.ActiveCfg = Debug|Any CPU
		{2FACF2C6-C84C-472F-8B1D-F9FB37E23CFA}.Debug|x64.ActiveCfg = Debug|Any CPU
		{2FACF2C6-C84C-472F-8B1D-F9FB37E23CFA}.Debug|x86.ActiveCfg = Debug|Any CPU
		{2FACF2C6-C84C-472F-8B1D-F9FB37E23CFA}.Release|Any CPU.ActiveCfg = Release|Any CPU
		{2FACF2C6-C84C-472F-8B1D-F9FB37E23CFA}.Release|Any CPU.Build.0 = Release|Any CPU
		{2FACF2C6-C84C-472F-8B1D-F9FB37E23CFA}.Release|ARM.ActiveCfg = Release|Any CPU
		{2FACF2C6-C84C-472F-8B1D-F9FB37E23CFA}.Release|x64.ActiveCfg = Release|Any CPU
		{2FACF2C6-C84C-472F-8B1D-F9FB37E23CFA}.Release|x86.ActiveCfg = Release|Any CPU
	EndGlobalSection
	GlobalSection(SolutionProperties) = preSolution
		HideSolutionNode = FALSE
	EndGlobalSection
	GlobalSection(ExtensibilityGlobals) = postSolution
		SolutionGuid = {AE74ECE9-0F80-4E94-97DD-74CF2697D3D6}
	EndGlobalSection
EndGlobal
